
Microsoft Visual Studio Solution File, Format Version 12.00
# Visual Studio Version 17
VisualStudioVersion = 17.1.32414.318
MinimumVisualStudioVersion = 10.0.40219.1
Project("{FAE04EC0-301F-11D3-BF4B-00C04F79EFBC}") = "Laba4_2", "Laba4_2.csproj", "{5A6CA4FB-1857-4A1E-B6D5-BF7BE02668D3}"
EndProject
Global
	GlobalSection(SolutionConfigurationPlatforms) = preSolution
		Debug|Any CPU = Debug|Any CPU
		Release|Any CPU = Release|Any CPU
	EndGlobalSection
	GlobalSection(ProjectConfigurationPlatforms) = postSolution
		{5A6CA4FB-1857-4A1E-B6D5-BF7BE02668D3}.Debug|Any CPU.ActiveCfg = Debug|Any CPU
		{5A6CA4FB-1857-4A1E-B6D5-BF7BE02668D3}.Debug|Any CPU.Build.0 = Debug|Any CPU
		{5A6CA4FB-1857-4A1E-B6D5-BF7BE02668D3}.Release|Any CPU.ActiveCfg = Release|Any CPU
		{5A6CA4FB-1857-4A1E-B6D5-BF7BE02668D3}.Release|Any CPU.Build.0 = Release|Any CPU
	EndGlobalSection
	GlobalSection(SolutionProperties) = preSolution
		HideSolutionNode = FALSE
	EndGlobalSection
	GlobalSection(ExtensibilityGlobals) = postSolution
		SolutionGuid = {6FBD0410-F027-4DC1-B22C-96152E7CCE54}
	EndGlobalSection
EndGlobal
