
Microsoft Visual Studio Solution File, Format Version 12.00
# Visual Studio Version 17
VisualStudioVersion = 17.5.33414.496
MinimumVisualStudioVersion = 10.0.40219.1
Project("{FAE04EC0-301F-11D3-BF4B-00C04F79EFBC}") = "Laba4_2", "Laba4_2\Laba4_2.csproj", "{96D427C8-1E65-48E5-942D-60E63B657B9F}"
EndProject
Global
	GlobalSection(SolutionConfigurationPlatforms) = preSolution
		Debug|Any CPU = Debug|Any CPU
		Release|Any CPU = Release|Any CPU
	EndGlobalSection
	GlobalSection(ProjectConfigurationPlatforms) = postSolution
		{96D427C8-1E65-48E5-942D-60E63B657B9F}.Debug|Any CPU.ActiveCfg = Debug|Any CPU
		{96D427C8-1E65-48E5-942D-60E63B657B9F}.Debug|Any CPU.Build.0 = Debug|Any CPU
		{96D427C8-1E65-48E5-942D-60E63B657B9F}.Release|Any CPU.ActiveCfg = Release|Any CPU
		{96D427C8-1E65-48E5-942D-60E63B657B9F}.Release|Any CPU.Build.0 = Release|Any CPU
	EndGlobalSection
	GlobalSection(SolutionProperties) = preSolution
		HideSolutionNode = FALSE
	EndGlobalSection
	GlobalSection(ExtensibilityGlobals) = postSolution
		SolutionGuid = {2AB7C2C7-F898-46EB-8321-DFFEEE42C2CF}
	EndGlobalSection
EndGlobal
