
Microsoft Visual Studio Solution File, Format Version 12.00
# Visual Studio Version 17
VisualStudioVersion = 17.5.33530.505
MinimumVisualStudioVersion = 10.0.40219.1
Project("{9A19103F-16F7-4668-BE54-9A1E7A4F7556}") = "Laba6", "Laba6\Laba6.csproj", "{33364E44-777B-4C2E-8FCB-88448BC42DA9}"
EndProject
Global
	GlobalSection(SolutionConfigurationPlatforms) = preSolution
		Debug|Any CPU = Debug|Any CPU
		Release|Any CPU = Release|Any CPU
	EndGlobalSection
	GlobalSection(ProjectConfigurationPlatforms) = postSolution
		{33364E44-777B-4C2E-8FCB-88448BC42DA9}.Debug|Any CPU.ActiveCfg = Debug|Any CPU
		{33364E44-777B-4C2E-8FCB-88448BC42DA9}.Debug|Any CPU.Build.0 = Debug|Any CPU
		{33364E44-777B-4C2E-8FCB-88448BC42DA9}.Release|Any CPU.ActiveCfg = Release|Any CPU
		{33364E44-777B-4C2E-8FCB-88448BC42DA9}.Release|Any CPU.Build.0 = Release|Any CPU
	EndGlobalSection
	GlobalSection(SolutionProperties) = preSolution
		HideSolutionNode = FALSE
	EndGlobalSection
	GlobalSection(ExtensibilityGlobals) = postSolution
		SolutionGuid = {B76BF440-9956-400D-A5B6-D46D9DBEB5AE}
	EndGlobalSection
EndGlobal
